{
  "name": "google cli creation",
  "lockfileVersion": 3,
  "requires": true,
  "packages": {
    "": {
      "dependencies": {
        "d3.js": "^0.0.2-security",
        "ffmpeg": "^0.0.4"
      }
    },
    "node_modules/d3.js": {
      "version": "0.0.2-security",
      "resolved": "https://registry.npmjs.org/d3.js/-/d3.js-0.0.2-security.tgz",
      "integrity": "sha512-tSm4YPzBhAZpGQGcxXHdQ9L5zanfel8Rnesff4UKDvvbRTDLUC38caf7KYuU90K72AAhCvUJshsczCC3YCZubQ=="
    },
    "node_modules/ffmpeg": {
      "version": "0.0.4",
      "resolved": "https://registry.npmjs.org/ffmpeg/-/ffmpeg-0.0.4.tgz",
      "integrity": "sha512-3TgWUJJlZGQn+crJFyhsO/oNeRRnGTy6GhgS98oUCIfZrOW5haPPV7DUfOm3xJcHr5q3TJpjk2GudPutrNisRA==",
      "dependencies": {
        "when": ">= 0.0.1"
      }
    },
    "node_modules/when": {
      "version": "3.7.8",
      "resolved": "https://registry.npmjs.org/when/-/when-3.7.8.tgz",
      "integrity": "sha512-5cZ7mecD3eYcMiCH4wtRPA5iFJZ50BJYDfckI5RRpQiktMiYTcn0ccLTZOvcbBume+1304fQztxeNzNS9Gvrnw==",
      "license": "MIT"
    }
  }
}
